
Microsoft Visual Studio Solution File, Format Version 12.00
# Visual Studio Version 17
VisualStudioVersion = 17.8.34330.188
MinimumVisualStudioVersion = 10.0.40219.1
Project("{FAE04EC0-301F-11D3-BF4B-00C04F79EFBC}") = "ACC_TrueGear", "ACC_TrueGear\ACC_TrueGear.csproj", "{80A1F5B8-44E3-48A4-BC8E-ADD7337AFFF2}"
EndProject
Global
	GlobalSection(SolutionConfigurationPlatforms) = preSolution
		Debug|Any CPU = Debug|Any CPU
		Release|Any CPU = Release|Any CPU
	EndGlobalSection
	GlobalSection(ProjectConfigurationPlatforms) = postSolution
		{80A1F5B8-44E3-48A4-BC8E-ADD7337AFFF2}.Debug|Any CPU.ActiveCfg = Debug|Any CPU
		{80A1F5B8-44E3-48A4-BC8E-ADD7337AFFF2}.Debug|Any CPU.Build.0 = Debug|Any CPU
		{80A1F5B8-44E3-48A4-BC8E-ADD7337AFFF2}.Release|Any CPU.ActiveCfg = Release|Any CPU
		{80A1F5B8-44E3-48A4-BC8E-ADD7337AFFF2}.Release|Any CPU.Build.0 = Release|Any CPU
	EndGlobalSection
	GlobalSection(SolutionProperties) = preSolution
		HideSolutionNode = FALSE
	EndGlobalSection
	GlobalSection(ExtensibilityGlobals) = postSolution
		SolutionGuid = {5EF4CA32-C342-4E76-A081-6781923B99A1}
	EndGlobalSection
EndGlobal
